github.com/containous/go-http-auth v0.4.1-0.20181019201920-860ed7f246ff h1:/3r4tfAjY6xw71Zp0+tcM51Zvl/TUhYcgJeKiOoxYAM=
github.com/containous/go-http-auth v0.4.1-0.20181019201920-860ed7f246ff/go.mod h1:dCmRGidPSLagL8D/2u7yIO6Y/8D/yuYX9EdKrnrhpCA=
golang.org/x/crypto v0.0.0-20220408190544-5352b0902921 h1:iU7T1X1J6yxDr0rda54sWGkHgOp5XJrqm79gcNlC2VM=
golang.org/x/crypto v0.0.0-20220408190544-5352b0902921/go.mod h1:IxCIyHEi3zRg3s0A5j5BB6A9Jmi73HwBIUl50j+osU4=
golang.org/x/net v0.0.0-20220407224826-aac1ed45d8e3 h1:EN5+DfgmRMvRUrMGERW2gQl3Vc+Z7ZMnI/xdEpPSf0c=
golang.org/x/net v0.0.0-20220407224826-aac1ed45d8e3/go.mod h1:CfG3xpIq0wQ8r1q4Su4UZFWDARRcnwPjda9FqA0JpMk=
